Microsoft Visual Studio Solution File, Format Version 12.00
# Visual Studio Version 17
VisualStudioVersion = 17.1.31911.260
MinimumVisualStudioVersion = 15.0.26124.0
Project("{9A19103F-16F7-4668-BE54-9A1E7A4F7556}") = "dotnetCampus.Ipc", "src\dotnetCampus.Ipc\dotnetCampus.Ipc.csproj", "{F7ED61F4-920C-49EB-8DC1-74B2BE6AF272}"
	ProjectSection(ProjectDependencies) = postProject
		{5035AC84-F775-422F-BB5F-E3713404DCB2} = {5035AC84-F775-422F-BB5F-E3713404DCB2}
	EndProjectSection
EndProject
Project("{2150E333-8FDC-42A3-9474-1A3956D46DE8}") = "tests", "tests", "{C0B9B0B5-D172-4309-A8C4-2C8B77E470CD}"
EndProject
Project("{9A19103F-16F7-4668-BE54-9A1E7A4F7556}") = "dotnetCampus.Ipc.Tests", "tests\dotnetCampus.Ipc.Tests\dotnetCampus.Ipc.Tests.csproj", "{E007FBCE-2F83-499F-9060-7D1FB673E24B}"
EndProject
Project("{9A19103F-16F7-4668-BE54-9A1E7A4F7556}") = "dotnetCampus.Ipc.Demo", "demo\dotnetCampus.Ipc.Demo\dotnetCampus.Ipc.Demo.csproj", "{4D078B2A-029B-4B53-8FA9-5D2F9330BC72}"
EndProject
Project("{2150E333-8FDC-42A3-9474-1A3956D46DE8}") = "demo", "demo", "{65FA7B8E-7D2E-41D1-9740-BBB7D8B8ABE3}"
EndProject
Project("{9A19103F-16F7-4668-BE54-9A1E7A4F7556}") = "dotnetCampus.Ipc.WpfDemo", "demo\dotnetCampus.Ipc.WpfDemo\dotnetCampus.Ipc.WpfDemo.csproj", "{0E10A5EB-7E48-408A-A4E7-8AB2A7AF143A}"
EndProject
Project("{2150E333-8FDC-42A3-9474-1A3956D46DE8}") = "PipeMvc", "PipeMvc", "{716AC4F5-1A7F-4469-9418-24FB2990AC6E}"
EndProject
Project("{9A19103F-16F7-4668-BE54-9A1E7A4F7556}") = "dotnetCampus.Ipc.PipeMvcServer", "src\PipeMvc\dotnetCampus.Ipc.PipeMvcServer\dotnetCampus.Ipc.PipeMvcServer.csproj", "{0F6B9C0C-7A64-4B21-BC28-E52565245A1A}"
EndProject
Project("{9A19103F-16F7-4668-BE54-9A1E7A4F7556}") = "dotnetCampus.Ipc.PipeMvcClient", "src\PipeMvc\dotnetCampus.Ipc.PipeMvcClient\dotnetCampus.Ipc.PipeMvcClient.csproj", "{1ACE3261-CC3D-4442-8C83-516721B3DA46}"
EndProject
Project("{D954291E-2A0B-460D-934E-DC6B0785DB48}") = "dotnetCampus.Ipc.PipeMvcShare", "src\PipeMvc\dotnetCampus.Ipc.PipeMvcShare\dotnetCampus.Ipc.PipeMvcShare.shproj", "{05ACE3BB-61E5-4592-AC73-747850DB1081}"
EndProject
Project("{2150E333-8FDC-42A3-9474-1A3956D46DE8}") = "Build", "Build", "{11767A0B-CBFB-4323-BCEE-DE1CDD6C4B4B}"
	ProjectSection(SolutionItems) = preProject
		.editorconfig = .editorconfig
		.gitattributes = .gitattributes
		.gitignore = .gitignore
		CHANGELOG.md = CHANGELOG.md
		Directory.Build.props = Directory.Build.props
		build\Version.props = build\Version.props
		Directory.Packages.props = Directory.Packages.props
		LICENSE = LICENSE
		README.md = README.md
	EndProjectSection
EndProject
Project("{9A19103F-16F7-4668-BE54-9A1E7A4F7556}") = "dotnetCampus.Ipc.Analyzers", "src\dotnetCampus.Ipc.Analyzers\dotnetCampus.Ipc.Analyzers.csproj", "{5035AC84-F775-422F-BB5F-E3713404DCB2}"
EndProject
Project("{2150E333-8FDC-42A3-9474-1A3956D46DE8}") = "samples", "samples", "{40A33EB6-6290-477F-B489-0EE4EB96F4FC}"
EndProject
Project("{9A19103F-16F7-4668-BE54-9A1E7A4F7556}") = "dotnetCampus.Ipc.Analyzers.Tests", "tests\dotnetCampus.Ipc.Analyzers.Tests\dotnetCampus.Ipc.Analyzers.Tests.csproj", "{31AE0FDD-404A-46D1-B8AB-A75EF09198E7}"
EndProject
Project("{2150E333-8FDC-42A3-9474-1A3956D46DE8}") = "Demos", "Demos", "{798348B6-734A-44C6-A3D5-8926B2EACD84}"
EndProject
Project("{9A19103F-16F7-4668-BE54-9A1E7A4F7556}") = "PipeMvcClientDemo", "demo\PipeMvc\PipeMvcClientDemo\PipeMvcClientDemo.csproj", "{DD752947-4AA7-40BA-94BC-B8FC40C719D0}"
EndProject
Project("{9A19103F-16F7-4668-BE54-9A1E7A4F7556}") = "PipeMvcServerDemo", "demo\PipeMvc\PipeMvcServerDemo\PipeMvcServerDemo.csproj", "{FCD18445-1D4C-4B28-86F2-CA1092CEAC48}"
EndProject
Project("{2150E333-8FDC-42A3-9474-1A3956D46DE8}") = "IpcRemotingObjectDemo", "IpcRemotingObjectDemo", "{927CE552-9207-47AD-9595-650C5A0624A9}"
EndProject
Project("{9A19103F-16F7-4668-BE54-9A1E7A4F7556}") = "IpcRemotingObjectServerDemo", "demo\IpcRemotingObjectDemo\IpcRemotingObjectServerDemo\IpcRemotingObjectServerDemo.csproj", "{CB343EAE-9DA2-49F3-B39B-E9CDDCEB2292}"
EndProject
Project("{9A19103F-16F7-4668-BE54-9A1E7A4F7556}") = "IpcRemotingObjectClientDemo", "demo\IpcRemotingObjectDemo\IpcRemotingObjectClientDemo\IpcRemotingObjectClientDemo.csproj", "{6639929E-3AC1-47D9-BE74-97FDF3C29B6B}"
EndProject
Project("{9A19103F-16F7-4668-BE54-9A1E7A4F7556}") = "dotnetCampus.Ipc.FakeTests", "tests\dotnetCampus.Ipc.FakeTests\dotnetCampus.Ipc.FakeTests.csproj", "{FCE2D295-1A3B-404B-8B45-21CCBE340A4B}"
EndProject
Project("{9A19103F-16F7-4668-BE54-9A1E7A4F7556}") = "dotnetCampus.Ipc.SourceGenerators", "analyzers\dotnetCampus.Ipc.SourceGenerators\dotnetCampus.Ipc.SourceGenerators.csproj", "{8B2F7D63-0326-458A-8BB5-A18B9C594372}"
EndProject
Global
	GlobalSection(SolutionConfigurationPlatforms) = preSolution
		Debug|Any CPU = Debug|Any CPU
		Debug|x64 = Debug|x64
		Debug|x86 = Debug|x86
		Release|Any CPU = Release|Any CPU
		Release|x64 = Release|x64
		Release|x86 = Release|x86
	EndGlobalSection
	GlobalSection(ProjectConfigurationPlatforms) = postSolution
		{F7ED61F4-920C-49EB-8DC1-74B2BE6AF272}.Debug|Any CPU.ActiveCfg = Debug|Any CPU
		{F7ED61F4-920C-49EB-8DC1-74B2BE6AF272}.Debug|Any CPU.Build.0 = Debug|Any CPU
		{F7ED61F4-920C-49EB-8DC1-74B2BE6AF272}.Debug|x64.ActiveCfg = Debug|Any CPU
		{F7ED61F4-920C-49EB-8DC1-74B2BE6AF272}.Debug|x64.Build.0 = Debug|Any CPU
		{F7ED61F4-920C-49EB-8DC1-74B2BE6AF272}.Debug|x86.ActiveCfg = Debug|Any CPU
		{F7ED61F4-920C-49EB-8DC1-74B2BE6AF272}.Debug|x86.Build.0 = Debug|Any CPU
		{F7ED61F4-920C-49EB-8DC1-74B2BE6AF272}.Release|Any CPU.ActiveCfg = Release|Any CPU
		{F7ED61F4-920C-49EB-8DC1-74B2BE6AF272}.Release|Any CPU.Build.0 = Release|Any CPU
		{F7ED61F4-920C-49EB-8DC1-74B2BE6AF272}.Release|x64.ActiveCfg = Release|Any CPU
		{F7ED61F4-920C-49EB-8DC1-74B2BE6AF272}.Release|x64.Build.0 = Release|Any CPU
		{F7ED61F4-920C-49EB-8DC1-74B2BE6AF272}.Release|x86.ActiveCfg = Release|Any CPU
		{F7ED61F4-920C-49EB-8DC1-74B2BE6AF272}.Release|x86.Build.0 = Release|Any CPU
		{E007FBCE-2F83-499F-9060-7D1FB673E24B}.Debug|Any CPU.ActiveCfg = Debug|Any CPU
		{E007FBCE-2F83-499F-9060-7D1FB673E24B}.Debug|Any CPU.Build.0 = Debug|Any CPU
		{E007FBCE-2F83-499F-9060-7D1FB673E24B}.Debug|x64.ActiveCfg = Debug|Any CPU
		{E007FBCE-2F83-499F-9060-7D1FB673E24B}.Debug|x64.Build.0 = Debug|Any CPU
		{E007FBCE-2F83-499F-9060-7D1FB673E24B}.Debug|x86.ActiveCfg = Debug|Any CPU
		{E007FBCE-2F83-499F-9060-7D1FB673E24B}.Debug|x86.Build.0 = Debug|Any CPU
		{E007FBCE-2F83-499F-9060-7D1FB673E24B}.Release|Any CPU.ActiveCfg = Release|Any CPU
		{E007FBCE-2F83-499F-9060-7D1FB673E24B}.Release|Any CPU.Build.0 = Release|Any CPU
		{E007FBCE-2F83-499F-9060-7D1FB673E24B}.Release|x64.ActiveCfg = Release|Any CPU
		{E007FBCE-2F83-499F-9060-7D1FB673E24B}.Release|x64.Build.0 = Release|Any CPU
		{E007FBCE-2F83-499F-9060-7D1FB673E24B}.Release|x86.ActiveCfg = Release|Any CPU
		{E007FBCE-2F83-499F-9060-7D1FB673E24B}.Release|x86.Build.0 = Release|Any CPU
		{4D078B2A-029B-4B53-8FA9-5D2F9330BC72}.Debug|Any CPU.ActiveCfg = Debug|Any CPU
		{4D078B2A-029B-4B53-8FA9-5D2F9330BC72}.Debug|Any CPU.Build.0 = Debug|Any CPU
		{4D078B2A-029B-4B53-8FA9-5D2F9330BC72}.Debug|x64.ActiveCfg = Debug|Any CPU
		{4D078B2A-029B-4B53-8FA9-5D2F9330BC72}.Debug|x64.Build.0 = Debug|Any CPU
		{4D078B2A-029B-4B53-8FA9-5D2F9330BC72}.Debug|x86.ActiveCfg = Debug|Any CPU
		{4D078B2A-029B-4B53-8FA9-5D2F9330BC72}.Debug|x86.Build.0 = Debug|Any CPU
		{4D078B2A-029B-4B53-8FA9-5D2F9330BC72}.Release|Any CPU.ActiveCfg = Release|Any CPU
		{4D078B2A-029B-4B53-8FA9-5D2F9330BC72}.Release|Any CPU.Build.0 = Release|Any CPU
		{4D078B2A-029B-4B53-8FA9-5D2F9330BC72}.Release|x64.ActiveCfg = Release|Any CPU
		{4D078B2A-029B-4B53-8FA9-5D2F9330BC72}.Release|x64.Build.0 = Release|Any CPU
		{4D078B2A-029B-4B53-8FA9-5D2F9330BC72}.Release|x86.ActiveCfg = Release|Any CPU
		{4D078B2A-029B-4B53-8FA9-5D2F9330BC72}.Release|x86.Build.0 = Release|Any CPU
		{0E10A5EB-7E48-408A-A4E7-8AB2A7AF143A}.Debug|Any CPU.ActiveCfg = Debug|Any CPU
		{0E10A5EB-7E48-408A-A4E7-8AB2A7AF143A}.Debug|Any CPU.Build.0 = Debug|Any CPU
		{0E10A5EB-7E48-408A-A4E7-8AB2A7AF143A}.Debug|x64.ActiveCfg = Debug|Any CPU
		{0E10A5EB-7E48-408A-A4E7-8AB2A7AF143A}.Debug|x64.Build.0 = Debug|Any CPU
		{0E10A5EB-7E48-408A-A4E7-8AB2A7AF143A}.Debug|x86.ActiveCfg = Debug|Any CPU
		{0E10A5EB-7E48-408A-A4E7-8AB2A7AF143A}.Debug|x86.Build.0 = Debug|Any CPU
		{0E10A5EB-7E48-408A-A4E7-8AB2A7AF143A}.Release|Any CPU.ActiveCfg = Release|Any CPU
		{0E10A5EB-7E48-408A-A4E7-8AB2A7AF143A}.Release|Any CPU.Build.0 = Release|Any CPU
		{0E10A5EB-7E48-408A-A4E7-8AB2A7AF143A}.Release|x64.ActiveCfg = Release|Any CPU
		{0E10A5EB-7E48-408A-A4E7-8AB2A7AF143A}.Release|x64.Build.0 = Release|Any CPU
		{0E10A5EB-7E48-408A-A4E7-8AB2A7AF143A}.Release|x86.ActiveCfg = Release|Any CPU
		{0E10A5EB-7E48-408A-A4E7-8AB2A7AF143A}.Release|x86.Build.0 = Release|Any CPU
		{0F6B9C0C-7A64-4B21-BC28-E52565245A1A}.Debug|Any CPU.ActiveCfg = Debug|Any CPU
		{0F6B9C0C-7A64-4B21-BC28-E52565245A1A}.Debug|Any CPU.Build.0 = Debug|Any CPU
		{0F6B9C0C-7A64-4B21-BC28-E52565245A1A}.Debug|x64.ActiveCfg = Debug|Any CPU
		{0F6B9C0C-7A64-4B21-BC28-E52565245A1A}.Debug|x64.Build.0 = Debug|Any CPU
		{0F6B9C0C-7A64-4B21-BC28-E52565245A1A}.Debug|x86.ActiveCfg = Debug|Any CPU
		{0F6B9C0C-7A64-4B21-BC28-E52565245A1A}.Debug|x86.Build.0 = Debug|Any CPU
		{0F6B9C0C-7A64-4B21-BC28-E52565245A1A}.Release|Any CPU.ActiveCfg = Release|Any CPU
		{0F6B9C0C-7A64-4B21-BC28-E52565245A1A}.Release|Any CPU.Build.0 = Release|Any CPU
		{0F6B9C0C-7A64-4B21-BC28-E52565245A1A}.Release|x64.ActiveCfg = Release|Any CPU
		{0F6B9C0C-7A64-4B21-BC28-E52565245A1A}.Release|x64.Build.0 = Release|Any CPU
		{0F6B9C0C-7A64-4B21-BC28-E52565245A1A}.Release|x86.ActiveCfg = Release|Any CPU
		{0F6B9C0C-7A64-4B21-BC28-E52565245A1A}.Release|x86.Build.0 = Release|Any CPU
		{1ACE3261-CC3D-4442-8C83-516721B3DA46}.Debug|Any CPU.ActiveCfg = Debug|Any CPU
		{1ACE3261-CC3D-4442-8C83-516721B3DA46}.Debug|Any CPU.Build.0 = Debug|Any CPU
		{1ACE3261-CC3D-4442-8C83-516721B3DA46}.Debug|x64.ActiveCfg = Debug|Any CPU
		{1ACE3261-CC3D-4442-8C83-516721B3DA46}.Debug|x64.Build.0 = Debug|Any CPU
		{1ACE3261-CC3D-4442-8C83-516721B3DA46}.Debug|x86.ActiveCfg = Debug|Any CPU
		{1ACE3261-CC3D-4442-8C83-516721B3DA46}.Debug|x86.Build.0 = Debug|Any CPU
		{1ACE3261-CC3D-4442-8C83-516721B3DA46}.Release|Any CPU.ActiveCfg = Release|Any CPU
		{1ACE3261-CC3D-4442-8C83-516721B3DA46}.Release|Any CPU.Build.0 = Release|Any CPU
		{1ACE3261-CC3D-4442-8C83-516721B3DA46}.Release|x64.ActiveCfg = Release|Any CPU
		{1ACE3261-CC3D-4442-8C83-516721B3DA46}.Release|x64.Build.0 = Release|Any CPU
		{1ACE3261-CC3D-4442-8C83-516721B3DA46}.Release|x86.ActiveCfg = Release|Any CPU
		{1ACE3261-CC3D-4442-8C83-516721B3DA46}.Release|x86.Build.0 = Release|Any CPU
		{5035AC84-F775-422F-BB5F-E3713404DCB2}.Debug|Any CPU.ActiveCfg = Debug|Any CPU
		{5035AC84-F775-422F-BB5F-E3713404DCB2}.Debug|Any CPU.Build.0 = Debug|Any CPU
		{5035AC84-F775-422F-BB5F-E3713404DCB2}.Debug|x64.ActiveCfg = Debug|Any CPU
		{5035AC84-F775-422F-BB5F-E3713404DCB2}.Debug|x64.Build.0 = Debug|Any CPU
		{5035AC84-F775-422F-BB5F-E3713404DCB2}.Debug|x86.ActiveCfg = Debug|Any CPU
		{5035AC84-F775-422F-BB5F-E3713404DCB2}.Debug|x86.Build.0 = Debug|Any CPU
		{5035AC84-F775-422F-BB5F-E3713404DCB2}.Release|Any CPU.ActiveCfg = Release|Any CPU
		{5035AC84-F775-422F-BB5F-E3713404DCB2}.Release|Any CPU.Build.0 = Release|Any CPU
		{5035AC84-F775-422F-BB5F-E3713404DCB2}.Release|x64.ActiveCfg = Release|Any CPU
		{5035AC84-F775-422F-BB5F-E3713404DCB2}.Release|x64.Build.0 = Release|Any CPU
		{5035AC84-F775-422F-BB5F-E3713404DCB2}.Release|x86.ActiveCfg = Release|Any CPU
		{5035AC84-F775-422F-BB5F-E3713404DCB2}.Release|x86.Build.0 = Release|Any CPU
		{31AE0FDD-404A-46D1-B8AB-A75EF09198E7}.Debug|Any CPU.ActiveCfg = Debug|Any CPU
		{31AE0FDD-404A-46D1-B8AB-A75EF09198E7}.Debug|Any CPU.Build.0 = Debug|Any CPU
		{31AE0FDD-404A-46D1-B8AB-A75EF09198E7}.Debug|x64.ActiveCfg = Debug|Any CPU
		{31AE0FDD-404A-46D1-B8AB-A75EF09198E7}.Debug|x64.Build.0 = Debug|Any CPU
		{31AE0FDD-404A-46D1-B8AB-A75EF09198E7}.Debug|x86.ActiveCfg = Debug|Any CPU
		{31AE0FDD-404A-46D1-B8AB-A75EF09198E7}.Debug|x86.Build.0 = Debug|Any CPU
		{31AE0FDD-404A-46D1-B8AB-A75EF09198E7}.Release|Any CPU.ActiveCfg = Release|Any CPU
		{31AE0FDD-404A-46D1-B8AB-A75EF09198E7}.Release|Any CPU.Build.0 = Release|Any CPU
		{31AE0FDD-404A-46D1-B8AB-A75EF09198E7}.Release|x64.ActiveCfg = Release|Any CPU
		{31AE0FDD-404A-46D1-B8AB-A75EF09198E7}.Release|x64.Build.0 = Release|Any CPU
		{31AE0FDD-404A-46D1-B8AB-A75EF09198E7}.Release|x86.ActiveCfg = Release|Any CPU
		{31AE0FDD-404A-46D1-B8AB-A75EF09198E7}.Release|x86.Build.0 = Release|Any CPU
		{DD752947-4AA7-40BA-94BC-B8FC40C719D0}.Debug|Any CPU.ActiveCfg = Debug|Any CPU
		{DD752947-4AA7-40BA-94BC-B8FC40C719D0}.Debug|Any CPU.Build.0 = Debug|Any CPU
		{DD752947-4AA7-40BA-94BC-B8FC40C719D0}.Debug|x64.ActiveCfg = Debug|Any CPU
		{DD752947-4AA7-40BA-94BC-B8FC40C719D0}.Debug|x64.Build.0 = Debug|Any CPU
		{DD752947-4AA7-40BA-94BC-B8FC40C719D0}.Debug|x86.ActiveCfg = Debug|Any CPU
		{DD752947-4AA7-40BA-94BC-B8FC40C719D0}.Debug|x86.Build.0 = Debug|Any CPU
		{DD752947-4AA7-40BA-94BC-B8FC40C719D0}.Release|Any CPU.ActiveCfg = Release|Any CPU
		{DD752947-4AA7-40BA-94BC-B8FC40C719D0}.Release|Any CPU.Build.0 = Release|Any CPU
		{DD752947-4AA7-40BA-94BC-B8FC40C719D0}.Release|x64.ActiveCfg = Release|Any CPU
		{DD752947-4AA7-40BA-94BC-B8FC40C719D0}.Release|x64.Build.0 = Release|Any CPU
		{DD752947-4AA7-40BA-94BC-B8FC40C719D0}.Release|x86.ActiveCfg = Release|Any CPU
		{DD752947-4AA7-40BA-94BC-B8FC40C719D0}.Release|x86.Build.0 = Release|Any CPU
		{FCD18445-1D4C-4B28-86F2-CA1092CEAC48}.Debug|Any CPU.ActiveCfg = Debug|Any CPU
		{FCD18445-1D4C-4B28-86F2-CA1092CEAC48}.Debug|Any CPU.Build.0 = Debug|Any CPU
		{FCD18445-1D4C-4B28-86F2-CA1092CEAC48}.Debug|x64.ActiveCfg = Debug|Any CPU
		{FCD18445-1D4C-4B28-86F2-CA1092CEAC48}.Debug|x64.Build.0 = Debug|Any CPU
		{FCD18445-1D4C-4B28-86F2-CA1092CEAC48}.Debug|x86.ActiveCfg = Debug|Any CPU
		{FCD18445-1D4C-4B28-86F2-CA1092CEAC48}.Debug|x86.Build.0 = Debug|Any CPU
		{FCD18445-1D4C-4B28-86F2-CA1092CEAC48}.Release|Any CPU.ActiveCfg = Release|Any CPU
		{FCD18445-1D4C-4B28-86F2-CA1092CEAC48}.Release|Any CPU.Build.0 = Release|Any CPU
		{FCD18445-1D4C-4B28-86F2-CA1092CEAC48}.Release|x64.ActiveCfg = Release|Any CPU
		{FCD18445-1D4C-4B28-86F2-CA1092CEAC48}.Release|x64.Build.0 = Release|Any CPU
		{FCD18445-1D4C-4B28-86F2-CA1092CEAC48}.Release|x86.ActiveCfg = Release|Any CPU
		{FCD18445-1D4C-4B28-86F2-CA1092CEAC48}.Release|x86.Build.0 = Release|Any CPU
		{CB343EAE-9DA2-49F3-B39B-E9CDDCEB2292}.Debug|Any CPU.ActiveCfg = Debug|Any CPU
		{CB343EAE-9DA2-49F3-B39B-E9CDDCEB2292}.Debug|Any CPU.Build.0 = Debug|Any CPU
		{CB343EAE-9DA2-49F3-B39B-E9CDDCEB2292}.Debug|x64.ActiveCfg = Debug|Any CPU
		{CB343EAE-9DA2-49F3-B39B-E9CDDCEB2292}.Debug|x64.Build.0 = Debug|Any CPU
		{CB343EAE-9DA2-49F3-B39B-E9CDDCEB2292}.Debug|x86.ActiveCfg = Debug|Any CPU
		{CB343EAE-9DA2-49F3-B39B-E9CDDCEB2292}.Debug|x86.Build.0 = Debug|Any CPU
		{CB343EAE-9DA2-49F3-B39B-E9CDDCEB2292}.Release|Any CPU.ActiveCfg = Release|Any CPU
		{CB343EAE-9DA2-49F3-B39B-E9CDDCEB2292}.Release|Any CPU.Build.0 = Release|Any CPU
		{CB343EAE-9DA2-49F3-B39B-E9CDDCEB2292}.Release|x64.ActiveCfg = Release|Any CPU
		{CB343EAE-9DA2-49F3-B39B-E9CDDCEB2292}.Release|x64.Build.0 = Release|Any CPU
		{CB343EAE-9DA2-49F3-B39B-E9CDDCEB2292}.Release|x86.ActiveCfg = Release|Any CPU
		{CB343EAE-9DA2-49F3-B39B-E9CDDCEB2292}.Release|x86.Build.0 = Release|Any CPU
		{6639929E-3AC1-47D9-BE74-97FDF3C29B6B}.Debug|Any CPU.ActiveCfg = Debug|Any CPU
		{6639929E-3AC1-47D9-BE74-97FDF3C29B6B}.Debug|Any CPU.Build.0 = Debug|Any CPU
		{6639929E-3AC1-47D9-BE74-97FDF3C29B6B}.Debug|x64.ActiveCfg = Debug|Any CPU
		{6639929E-3AC1-47D9-BE74-97FDF3C29B6B}.Debug|x64.Build.0 = Debug|Any CPU
		{6639929E-3AC1-47D9-BE74-97FDF3C29B6B}.Debug|x86.ActiveCfg = Debug|Any CPU
		{6639929E-3AC1-47D9-BE74-97FDF3C29B6B}.Debug|x86.Build.0 = Debug|Any CPU
		{6639929E-3AC1-47D9-BE74-97FDF3C29B6B}.Release|Any CPU.ActiveCfg = Release|Any CPU
		{6639929E-3AC1-47D9-BE74-97FDF3C29B6B}.Release|Any CPU.Build.0 = Release|Any CPU
		{6639929E-3AC1-47D9-BE74-97FDF3C29B6B}.Release|x64.ActiveCfg = Release|Any CPU
		{6639929E-3AC1-47D9-BE74-97FDF3C29B6B}.Release|x64.Build.0 = Release|Any CPU
		{6639929E-3AC1-47D9-BE74-97FDF3C29B6B}.Release|x86.ActiveCfg = Release|Any CPU
		{6639929E-3AC1-47D9-BE74-97FDF3C29B6B}.Release|x86.Build.0 = Release|Any CPU
		{FCE2D295-1A3B-404B-8B45-21CCBE340A4B}.Debug|Any CPU.ActiveCfg = Debug|Any CPU
		{FCE2D295-1A3B-404B-8B45-21CCBE340A4B}.Debug|Any CPU.Build.0 = Debug|Any CPU
		{FCE2D295-1A3B-404B-8B45-21CCBE340A4B}.Debug|x64.ActiveCfg = Debug|Any CPU
		{FCE2D295-1A3B-404B-8B45-21CCBE340A4B}.Debug|x64.Build.0 = Debug|Any CPU
		{FCE2D295-1A3B-404B-8B45-21CCBE340A4B}.Debug|x86.ActiveCfg = Debug|Any CPU
		{FCE2D295-1A3B-404B-8B45-21CCBE340A4B}.Debug|x86.Build.0 = Debug|Any CPU
		{FCE2D295-1A3B-404B-8B45-21CCBE340A4B}.Release|Any CPU.ActiveCfg = Release|Any CPU
		{FCE2D295-1A3B-404B-8B45-21CCBE340A4B}.Release|Any CPU.Build.0 = Release|Any CPU
		{FCE2D295-1A3B-404B-8B45-21CCBE340A4B}.Release|x64.ActiveCfg = Release|Any CPU
		{FCE2D295-1A3B-404B-8B45-21CCBE340A4B}.Release|x64.Build.0 = Release|Any CPU
		{FCE2D295-1A3B-404B-8B45-21CCBE340A4B}.Release|x86.ActiveCfg = Release|Any CPU
		{FCE2D295-1A3B-404B-8B45-21CCBE340A4B}.Release|x86.Build.0 = Release|Any CPU
		{8B2F7D63-0326-458A-8BB5-A18B9C594372}.Debug|Any CPU.ActiveCfg = Debug|Any CPU
		{8B2F7D63-0326-458A-8BB5-A18B9C594372}.Debug|Any CPU.Build.0 = Debug|Any CPU
		{8B2F7D63-0326-458A-8BB5-A18B9C594372}.Debug|x64.ActiveCfg = Debug|Any CPU
		{8B2F7D63-0326-458A-8BB5-A18B9C594372}.Debug|x64.Build.0 = Debug|Any CPU
		{8B2F7D63-0326-458A-8BB5-A18B9C594372}.Debug|x86.ActiveCfg = Debug|Any CPU
		{8B2F7D63-0326-458A-8BB5-A18B9C594372}.Debug|x86.Build.0 = Debug|Any CPU
		{8B2F7D63-0326-458A-8BB5-A18B9C594372}.Release|Any CPU.ActiveCfg = Release|Any CPU
		{8B2F7D63-0326-458A-8BB5-A18B9C594372}.Release|Any CPU.Build.0 = Release|Any CPU
		{8B2F7D63-0326-458A-8BB5-A18B9C594372}.Release|x64.ActiveCfg = Release|Any CPU
		{8B2F7D63-0326-458A-8BB5-A18B9C594372}.Release|x64.Build.0 = Release|Any CPU
		{8B2F7D63-0326-458A-8BB5-A18B9C594372}.Release|x86.ActiveCfg = Release|Any CPU
		{8B2F7D63-0326-458A-8BB5-A18B9C594372}.Release|x86.Build.0 = Release|Any CPU
	EndGlobalSection
	GlobalSection(SolutionProperties) = preSolution
		HideSolutionNode = FALSE
	EndGlobalSection
	GlobalSection(NestedProjects) = preSolution
		{E007FBCE-2F83-499F-9060-7D1FB673E24B} = {C0B9B0B5-D172-4309-A8C4-2C8B77E470CD}
		{4D078B2A-029B-4B53-8FA9-5D2F9330BC72} = {65FA7B8E-7D2E-41D1-9740-BBB7D8B8ABE3}
		{0E10A5EB-7E48-408A-A4E7-8AB2A7AF143A} = {65FA7B8E-7D2E-41D1-9740-BBB7D8B8ABE3}
		{0F6B9C0C-7A64-4B21-BC28-E52565245A1A} = {716AC4F5-1A7F-4469-9418-24FB2990AC6E}
		{1ACE3261-CC3D-4442-8C83-516721B3DA46} = {716AC4F5-1A7F-4469-9418-24FB2990AC6E}
		{05ACE3BB-61E5-4592-AC73-747850DB1081} = {716AC4F5-1A7F-4469-9418-24FB2990AC6E}
		{31AE0FDD-404A-46D1-B8AB-A75EF09198E7} = {C0B9B0B5-D172-4309-A8C4-2C8B77E470CD}
		{798348B6-734A-44C6-A3D5-8926B2EACD84} = {716AC4F5-1A7F-4469-9418-24FB2990AC6E}
		{DD752947-4AA7-40BA-94BC-B8FC40C719D0} = {798348B6-734A-44C6-A3D5-8926B2EACD84}
		{FCD18445-1D4C-4B28-86F2-CA1092CEAC48} = {798348B6-734A-44C6-A3D5-8926B2EACD84}
		{927CE552-9207-47AD-9595-650C5A0624A9} = {65FA7B8E-7D2E-41D1-9740-BBB7D8B8ABE3}
		{CB343EAE-9DA2-49F3-B39B-E9CDDCEB2292} = {927CE552-9207-47AD-9595-650C5A0624A9}
		{6639929E-3AC1-47D9-BE74-97FDF3C29B6B} = {927CE552-9207-47AD-9595-650C5A0624A9}
		{FCE2D295-1A3B-404B-8B45-21CCBE340A4B} = {C0B9B0B5-D172-4309-A8C4-2C8B77E470CD}
	EndGlobalSection
	GlobalSection(ExtensibilityGlobals) = postSolution
		SolutionGuid = {C8828641-2F8C-4B6A-BF1D-F8F3C8C8454D}
	EndGlobalSection
	GlobalSection(SharedMSBuildProjectFiles) = preSolution
		src\PipeMvc\dotnetCampus.Ipc.PipeMvcShare\dotnetCampus.Ipc.PipeMvcShare.projitems*{05ace3bb-61e5-4592-ac73-747850db1081}*SharedItemsImports = 13
		src\PipeMvc\dotnetCampus.Ipc.PipeMvcShare\dotnetCampus.Ipc.PipeMvcShare.projitems*{0f6b9c0c-7a64-4b21-bc28-e52565245a1a}*SharedItemsImports = 5
		src\PipeMvc\dotnetCampus.Ipc.PipeMvcShare\dotnetCampus.Ipc.PipeMvcShare.projitems*{1ace3261-cc3d-4442-8c83-516721b3da46}*SharedItemsImports = 5
	EndGlobalSection
EndGlobal
