
Microsoft Visual Studio Solution File, Format Version 12.00
# Visual Studio Version 17
VisualStudioVersion = 17.7.34221.43
MinimumVisualStudioVersion = 10.0.40219.1
Project("{2150E333-8FDC-42A3-9474-1A3956D46DE8}") = "Source", "Source", "{1B6E0487-7207-4102-9E46-14787F078E86}"
EndProject
Project("{2150E333-8FDC-42A3-9474-1A3956D46DE8}") = "Platforms", "Platforms", "{0FBA80CA-0A69-4C57-93AF-67B4915C8EF7}"
EndProject
Project("{2150E333-8FDC-42A3-9474-1A3956D46DE8}") = "Tests", "Tests", "{3AB30A61-B6F3-4649-A1B3-93D204916A45}"
EndProject
Project("{9A19103F-16F7-4668-BE54-9A1E7A4F7556}") = "IpcUno.MauiControls", "IpcUno\IpcUno.MauiControls\IpcUno.MauiControls.csproj", "{620029A5-505D-4CCC-A90F-E7AD7DEB1F4E}"
EndProject
Project("{9A19103F-16F7-4668-BE54-9A1E7A4F7556}") = "IpcUno", "IpcUno\IpcUno\IpcUno.csproj", "{D655B8FA-AC61-4EF0-92DE-63D2A2E6D62C}"
EndProject
Project("{9A19103F-16F7-4668-BE54-9A1E7A4F7556}") = "IpcUno.Tests", "IpcUno\IpcUno.Tests\IpcUno.Tests.csproj", "{4AD964C6-6AC0-4BDC-BDDE-9FF6820D30AE}"
EndProject
Project("{9A19103F-16F7-4668-BE54-9A1E7A4F7556}") = "IpcUno.UITests", "IpcUno\IpcUno.UITests\IpcUno.UITests.csproj", "{80BBDA19-1F4E-4FFC-A900-A69D020CA361}"
EndProject
Project("{9A19103F-16F7-4668-BE54-9A1E7A4F7556}") = "IpcUno.Base", "IpcUno\IpcUno.Base\IpcUno.Base.csproj", "{10B546E6-7B7E-4A11-95B5-FE5E417AF0F6}"
EndProject
Project("{9A19103F-16F7-4668-BE54-9A1E7A4F7556}") = "IpcUno.Windows", "IpcUno\IpcUno.Windows\IpcUno.Windows.csproj", "{0495F020-EFEF-4D9D-88ED-0E8A9DCB8B54}"
EndProject
Project("{9A19103F-16F7-4668-BE54-9A1E7A4F7556}") = "IpcUno.Skia.Gtk", "IpcUno\IpcUno.Skia.Gtk\IpcUno.Skia.Gtk.csproj", "{739B0B13-14CF-477D-B809-7E4A45B6CBBF}"
EndProject
Project("{9A19103F-16F7-4668-BE54-9A1E7A4F7556}") = "IpcUno.Skia.Wpf", "IpcUno\IpcUno.Skia.WPF\IpcUno.Skia.Wpf.csproj", "{488A069D-3F83-4DA6-95D5-36E08FC6E37F}"
EndProject
Project("{2150E333-8FDC-42A3-9474-1A3956D46DE8}") = "Solution Items", "Solution Items", "{E3B5F737-6DB2-4859-A2B0-BB8FB459E854}"
	ProjectSection(SolutionItems) = preProject
		IpcUno\.gitignore = IpcUno\.gitignore
		IpcUno\Directory.Build.props = IpcUno\Directory.Build.props
		IpcUno\Directory.Build.targets = IpcUno\Directory.Build.targets
		IpcUno\Directory.Packages.props = IpcUno\Directory.Packages.props
		IpcUno\solution-config.props.sample = IpcUno\solution-config.props.sample
	EndProjectSection
EndProject
Global
	GlobalSection(SolutionConfigurationPlatforms) = preSolution
		Debug|Any CPU = Debug|Any CPU
		Debug|arm64 = Debug|arm64
		Debug|x64 = Debug|x64
		Debug|x86 = Debug|x86
		Release|Any CPU = Release|Any CPU
		Release|arm64 = Release|arm64
		Release|x64 = Release|x64
		Release|x86 = Release|x86
	EndGlobalSection
	GlobalSection(ProjectConfigurationPlatforms) = postSolution
		{620029A5-505D-4CCC-A90F-E7AD7DEB1F4E}.Debug|Any CPU.ActiveCfg = Debug|Any CPU
		{620029A5-505D-4CCC-A90F-E7AD7DEB1F4E}.Debug|Any CPU.Build.0 = Debug|Any CPU
		{620029A5-505D-4CCC-A90F-E7AD7DEB1F4E}.Debug|arm64.ActiveCfg = Debug|Any CPU
		{620029A5-505D-4CCC-A90F-E7AD7DEB1F4E}.Debug|arm64.Build.0 = Debug|Any CPU
		{620029A5-505D-4CCC-A90F-E7AD7DEB1F4E}.Debug|x64.ActiveCfg = Debug|Any CPU
		{620029A5-505D-4CCC-A90F-E7AD7DEB1F4E}.Debug|x64.Build.0 = Debug|Any CPU
		{620029A5-505D-4CCC-A90F-E7AD7DEB1F4E}.Debug|x86.ActiveCfg = Debug|Any CPU
		{620029A5-505D-4CCC-A90F-E7AD7DEB1F4E}.Debug|x86.Build.0 = Debug|Any CPU
		{620029A5-505D-4CCC-A90F-E7AD7DEB1F4E}.Release|Any CPU.ActiveCfg = Release|Any CPU
		{620029A5-505D-4CCC-A90F-E7AD7DEB1F4E}.Release|Any CPU.Build.0 = Release|Any CPU
		{620029A5-505D-4CCC-A90F-E7AD7DEB1F4E}.Release|arm64.ActiveCfg = Release|Any CPU
		{620029A5-505D-4CCC-A90F-E7AD7DEB1F4E}.Release|arm64.Build.0 = Release|Any CPU
		{620029A5-505D-4CCC-A90F-E7AD7DEB1F4E}.Release|x64.ActiveCfg = Release|Any CPU
		{620029A5-505D-4CCC-A90F-E7AD7DEB1F4E}.Release|x64.Build.0 = Release|Any CPU
		{620029A5-505D-4CCC-A90F-E7AD7DEB1F4E}.Release|x86.ActiveCfg = Release|Any CPU
		{620029A5-505D-4CCC-A90F-E7AD7DEB1F4E}.Release|x86.Build.0 = Release|Any CPU
		{D655B8FA-AC61-4EF0-92DE-63D2A2E6D62C}.Debug|Any CPU.ActiveCfg = Debug|Any CPU
		{D655B8FA-AC61-4EF0-92DE-63D2A2E6D62C}.Debug|Any CPU.Build.0 = Debug|Any CPU
		{D655B8FA-AC61-4EF0-92DE-63D2A2E6D62C}.Debug|arm64.ActiveCfg = Debug|Any CPU
		{D655B8FA-AC61-4EF0-92DE-63D2A2E6D62C}.Debug|arm64.Build.0 = Debug|Any CPU
		{D655B8FA-AC61-4EF0-92DE-63D2A2E6D62C}.Debug|x64.ActiveCfg = Debug|Any CPU
		{D655B8FA-AC61-4EF0-92DE-63D2A2E6D62C}.Debug|x64.Build.0 = Debug|Any CPU
		{D655B8FA-AC61-4EF0-92DE-63D2A2E6D62C}.Debug|x86.ActiveCfg = Debug|Any CPU
		{D655B8FA-AC61-4EF0-92DE-63D2A2E6D62C}.Debug|x86.Build.0 = Debug|Any CPU
		{D655B8FA-AC61-4EF0-92DE-63D2A2E6D62C}.Release|Any CPU.ActiveCfg = Release|Any CPU
		{D655B8FA-AC61-4EF0-92DE-63D2A2E6D62C}.Release|Any CPU.Build.0 = Release|Any CPU
		{D655B8FA-AC61-4EF0-92DE-63D2A2E6D62C}.Release|arm64.ActiveCfg = Release|Any CPU
		{D655B8FA-AC61-4EF0-92DE-63D2A2E6D62C}.Release|arm64.Build.0 = Release|Any CPU
		{D655B8FA-AC61-4EF0-92DE-63D2A2E6D62C}.Release|x64.ActiveCfg = Release|Any CPU
		{D655B8FA-AC61-4EF0-92DE-63D2A2E6D62C}.Release|x64.Build.0 = Release|Any CPU
		{D655B8FA-AC61-4EF0-92DE-63D2A2E6D62C}.Release|x86.ActiveCfg = Release|Any CPU
		{D655B8FA-AC61-4EF0-92DE-63D2A2E6D62C}.Release|x86.Build.0 = Release|Any CPU
		{4AD964C6-6AC0-4BDC-BDDE-9FF6820D30AE}.Debug|Any CPU.ActiveCfg = Debug|Any CPU
		{4AD964C6-6AC0-4BDC-BDDE-9FF6820D30AE}.Debug|Any CPU.Build.0 = Debug|Any CPU
		{4AD964C6-6AC0-4BDC-BDDE-9FF6820D30AE}.Debug|arm64.ActiveCfg = Debug|Any CPU
		{4AD964C6-6AC0-4BDC-BDDE-9FF6820D30AE}.Debug|arm64.Build.0 = Debug|Any CPU
		{4AD964C6-6AC0-4BDC-BDDE-9FF6820D30AE}.Debug|x64.ActiveCfg = Debug|Any CPU
		{4AD964C6-6AC0-4BDC-BDDE-9FF6820D30AE}.Debug|x64.Build.0 = Debug|Any CPU
		{4AD964C6-6AC0-4BDC-BDDE-9FF6820D30AE}.Debug|x86.ActiveCfg = Debug|Any CPU
		{4AD964C6-6AC0-4BDC-BDDE-9FF6820D30AE}.Debug|x86.Build.0 = Debug|Any CPU
		{4AD964C6-6AC0-4BDC-BDDE-9FF6820D30AE}.Release|Any CPU.ActiveCfg = Release|Any CPU
		{4AD964C6-6AC0-4BDC-BDDE-9FF6820D30AE}.Release|Any CPU.Build.0 = Release|Any CPU
		{4AD964C6-6AC0-4BDC-BDDE-9FF6820D30AE}.Release|arm64.ActiveCfg = Release|Any CPU
		{4AD964C6-6AC0-4BDC-BDDE-9FF6820D30AE}.Release|arm64.Build.0 = Release|Any CPU
		{4AD964C6-6AC0-4BDC-BDDE-9FF6820D30AE}.Release|x64.ActiveCfg = Release|Any CPU
		{4AD964C6-6AC0-4BDC-BDDE-9FF6820D30AE}.Release|x64.Build.0 = Release|Any CPU
		{4AD964C6-6AC0-4BDC-BDDE-9FF6820D30AE}.Release|x86.ActiveCfg = Release|Any CPU
		{4AD964C6-6AC0-4BDC-BDDE-9FF6820D30AE}.Release|x86.Build.0 = Release|Any CPU
		{80BBDA19-1F4E-4FFC-A900-A69D020CA361}.Debug|Any CPU.ActiveCfg = Debug|Any CPU
		{80BBDA19-1F4E-4FFC-A900-A69D020CA361}.Debug|Any CPU.Build.0 = Debug|Any CPU
		{80BBDA19-1F4E-4FFC-A900-A69D020CA361}.Debug|arm64.ActiveCfg = Debug|Any CPU
		{80BBDA19-1F4E-4FFC-A900-A69D020CA361}.Debug|arm64.Build.0 = Debug|Any CPU
		{80BBDA19-1F4E-4FFC-A900-A69D020CA361}.Debug|x64.ActiveCfg = Debug|Any CPU
		{80BBDA19-1F4E-4FFC-A900-A69D020CA361}.Debug|x64.Build.0 = Debug|Any CPU
		{80BBDA19-1F4E-4FFC-A900-A69D020CA361}.Debug|x86.ActiveCfg = Debug|Any CPU
		{80BBDA19-1F4E-4FFC-A900-A69D020CA361}.Debug|x86.Build.0 = Debug|Any CPU
		{80BBDA19-1F4E-4FFC-A900-A69D020CA361}.Release|Any CPU.ActiveCfg = Release|Any CPU
		{80BBDA19-1F4E-4FFC-A900-A69D020CA361}.Release|Any CPU.Build.0 = Release|Any CPU
		{80BBDA19-1F4E-4FFC-A900-A69D020CA361}.Release|arm64.ActiveCfg = Release|Any CPU
		{80BBDA19-1F4E-4FFC-A900-A69D020CA361}.Release|arm64.Build.0 = Release|Any CPU
		{80BBDA19-1F4E-4FFC-A900-A69D020CA361}.Release|x64.ActiveCfg = Release|Any CPU
		{80BBDA19-1F4E-4FFC-A900-A69D020CA361}.Release|x64.Build.0 = Release|Any CPU
		{80BBDA19-1F4E-4FFC-A900-A69D020CA361}.Release|x86.ActiveCfg = Release|Any CPU
		{80BBDA19-1F4E-4FFC-A900-A69D020CA361}.Release|x86.Build.0 = Release|Any CPU
		{10B546E6-7B7E-4A11-95B5-FE5E417AF0F6}.Debug|Any CPU.ActiveCfg = Debug|Any CPU
		{10B546E6-7B7E-4A11-95B5-FE5E417AF0F6}.Debug|Any CPU.Build.0 = Debug|Any CPU
		{10B546E6-7B7E-4A11-95B5-FE5E417AF0F6}.Debug|arm64.ActiveCfg = Debug|Any CPU
		{10B546E6-7B7E-4A11-95B5-FE5E417AF0F6}.Debug|arm64.Build.0 = Debug|Any CPU
		{10B546E6-7B7E-4A11-95B5-FE5E417AF0F6}.Debug|x64.ActiveCfg = Debug|Any CPU
		{10B546E6-7B7E-4A11-95B5-FE5E417AF0F6}.Debug|x64.Build.0 = Debug|Any CPU
		{10B546E6-7B7E-4A11-95B5-FE5E417AF0F6}.Debug|x86.ActiveCfg = Debug|Any CPU
		{10B546E6-7B7E-4A11-95B5-FE5E417AF0F6}.Debug|x86.Build.0 = Debug|Any CPU
		{10B546E6-7B7E-4A11-95B5-FE5E417AF0F6}.Release|Any CPU.ActiveCfg = Release|Any CPU
		{10B546E6-7B7E-4A11-95B5-FE5E417AF0F6}.Release|Any CPU.Build.0 = Release|Any CPU
		{10B546E6-7B7E-4A11-95B5-FE5E417AF0F6}.Release|arm64.ActiveCfg = Release|Any CPU
		{10B546E6-7B7E-4A11-95B5-FE5E417AF0F6}.Release|arm64.Build.0 = Release|Any CPU
		{10B546E6-7B7E-4A11-95B5-FE5E417AF0F6}.Release|x64.ActiveCfg = Release|Any CPU
		{10B546E6-7B7E-4A11-95B5-FE5E417AF0F6}.Release|x64.Build.0 = Release|Any CPU
		{10B546E6-7B7E-4A11-95B5-FE5E417AF0F6}.Release|x86.ActiveCfg = Release|Any CPU
		{10B546E6-7B7E-4A11-95B5-FE5E417AF0F6}.Release|x86.Build.0 = Release|Any CPU
		{0495F020-EFEF-4D9D-88ED-0E8A9DCB8B54}.Debug|Any CPU.ActiveCfg = Debug|x64
		{0495F020-EFEF-4D9D-88ED-0E8A9DCB8B54}.Debug|Any CPU.Build.0 = Debug|x64
		{0495F020-EFEF-4D9D-88ED-0E8A9DCB8B54}.Debug|Any CPU.Deploy.0 = Debug|x64
		{0495F020-EFEF-4D9D-88ED-0E8A9DCB8B54}.Debug|arm64.ActiveCfg = Debug|arm64
		{0495F020-EFEF-4D9D-88ED-0E8A9DCB8B54}.Debug|arm64.Build.0 = Debug|arm64
		{0495F020-EFEF-4D9D-88ED-0E8A9DCB8B54}.Debug|arm64.Deploy.0 = Debug|arm64
		{0495F020-EFEF-4D9D-88ED-0E8A9DCB8B54}.Debug|x64.ActiveCfg = Debug|x64
		{0495F020-EFEF-4D9D-88ED-0E8A9DCB8B54}.Debug|x64.Build.0 = Debug|x64
		{0495F020-EFEF-4D9D-88ED-0E8A9DCB8B54}.Debug|x64.Deploy.0 = Debug|x64
		{0495F020-EFEF-4D9D-88ED-0E8A9DCB8B54}.Debug|x86.ActiveCfg = Debug|x86
		{0495F020-EFEF-4D9D-88ED-0E8A9DCB8B54}.Debug|x86.Build.0 = Debug|x86
		{0495F020-EFEF-4D9D-88ED-0E8A9DCB8B54}.Debug|x86.Deploy.0 = Debug|x86
		{0495F020-EFEF-4D9D-88ED-0E8A9DCB8B54}.Release|Any CPU.ActiveCfg = Release|x64
		{0495F020-EFEF-4D9D-88ED-0E8A9DCB8B54}.Release|Any CPU.Build.0 = Release|x64
		{0495F020-EFEF-4D9D-88ED-0E8A9DCB8B54}.Release|Any CPU.Deploy.0 = Release|x64
		{0495F020-EFEF-4D9D-88ED-0E8A9DCB8B54}.Release|arm64.ActiveCfg = Release|arm64
		{0495F020-EFEF-4D9D-88ED-0E8A9DCB8B54}.Release|arm64.Build.0 = Release|arm64
		{0495F020-EFEF-4D9D-88ED-0E8A9DCB8B54}.Release|arm64.Deploy.0 = Release|arm64
		{0495F020-EFEF-4D9D-88ED-0E8A9DCB8B54}.Release|x64.ActiveCfg = Release|x64
		{0495F020-EFEF-4D9D-88ED-0E8A9DCB8B54}.Release|x64.Build.0 = Release|x64
		{0495F020-EFEF-4D9D-88ED-0E8A9DCB8B54}.Release|x64.Deploy.0 = Release|x64
		{0495F020-EFEF-4D9D-88ED-0E8A9DCB8B54}.Release|x86.ActiveCfg = Release|x86
		{0495F020-EFEF-4D9D-88ED-0E8A9DCB8B54}.Release|x86.Build.0 = Release|x86
		{0495F020-EFEF-4D9D-88ED-0E8A9DCB8B54}.Release|x86.Deploy.0 = Release|x86
		{739B0B13-14CF-477D-B809-7E4A45B6CBBF}.Debug|Any CPU.ActiveCfg = Debug|Any CPU
		{739B0B13-14CF-477D-B809-7E4A45B6CBBF}.Debug|Any CPU.Build.0 = Debug|Any CPU
		{739B0B13-14CF-477D-B809-7E4A45B6CBBF}.Debug|arm64.ActiveCfg = Debug|Any CPU
		{739B0B13-14CF-477D-B809-7E4A45B6CBBF}.Debug|arm64.Build.0 = Debug|Any CPU
		{739B0B13-14CF-477D-B809-7E4A45B6CBBF}.Debug|x64.ActiveCfg = Debug|Any CPU
		{739B0B13-14CF-477D-B809-7E4A45B6CBBF}.Debug|x64.Build.0 = Debug|Any CPU
		{739B0B13-14CF-477D-B809-7E4A45B6CBBF}.Debug|x86.ActiveCfg = Debug|Any CPU
		{739B0B13-14CF-477D-B809-7E4A45B6CBBF}.Debug|x86.Build.0 = Debug|Any CPU
		{739B0B13-14CF-477D-B809-7E4A45B6CBBF}.Release|Any CPU.ActiveCfg = Release|Any CPU
		{739B0B13-14CF-477D-B809-7E4A45B6CBBF}.Release|Any CPU.Build.0 = Release|Any CPU
		{739B0B13-14CF-477D-B809-7E4A45B6CBBF}.Release|arm64.ActiveCfg = Release|Any CPU
		{739B0B13-14CF-477D-B809-7E4A45B6CBBF}.Release|arm64.Build.0 = Release|Any CPU
		{739B0B13-14CF-477D-B809-7E4A45B6CBBF}.Release|x64.ActiveCfg = Release|Any CPU
		{739B0B13-14CF-477D-B809-7E4A45B6CBBF}.Release|x64.Build.0 = Release|Any CPU
		{739B0B13-14CF-477D-B809-7E4A45B6CBBF}.Release|x86.ActiveCfg = Release|Any CPU
		{739B0B13-14CF-477D-B809-7E4A45B6CBBF}.Release|x86.Build.0 = Release|Any CPU
		{488A069D-3F83-4DA6-95D5-36E08FC6E37F}.Debug|Any CPU.ActiveCfg = Debug|Any CPU
		{488A069D-3F83-4DA6-95D5-36E08FC6E37F}.Debug|Any CPU.Build.0 = Debug|Any CPU
		{488A069D-3F83-4DA6-95D5-36E08FC6E37F}.Debug|arm64.ActiveCfg = Debug|Any CPU
		{488A069D-3F83-4DA6-95D5-36E08FC6E37F}.Debug|arm64.Build.0 = Debug|Any CPU
		{488A069D-3F83-4DA6-95D5-36E08FC6E37F}.Debug|x64.ActiveCfg = Debug|Any CPU
		{488A069D-3F83-4DA6-95D5-36E08FC6E37F}.Debug|x64.Build.0 = Debug|Any CPU
		{488A069D-3F83-4DA6-95D5-36E08FC6E37F}.Debug|x86.ActiveCfg = Debug|Any CPU
		{488A069D-3F83-4DA6-95D5-36E08FC6E37F}.Debug|x86.Build.0 = Debug|Any CPU
		{488A069D-3F83-4DA6-95D5-36E08FC6E37F}.Release|Any CPU.ActiveCfg = Release|Any CPU
		{488A069D-3F83-4DA6-95D5-36E08FC6E37F}.Release|Any CPU.Build.0 = Release|Any CPU
		{488A069D-3F83-4DA6-95D5-36E08FC6E37F}.Release|arm64.ActiveCfg = Release|Any CPU
		{488A069D-3F83-4DA6-95D5-36E08FC6E37F}.Release|arm64.Build.0 = Release|Any CPU
		{488A069D-3F83-4DA6-95D5-36E08FC6E37F}.Release|x64.ActiveCfg = Release|Any CPU
		{488A069D-3F83-4DA6-95D5-36E08FC6E37F}.Release|x64.Build.0 = Release|Any CPU
		{488A069D-3F83-4DA6-95D5-36E08FC6E37F}.Release|x86.ActiveCfg = Release|Any CPU
		{488A069D-3F83-4DA6-95D5-36E08FC6E37F}.Release|x86.Build.0 = Release|Any CPU
	EndGlobalSection
	GlobalSection(SolutionProperties) = preSolution
		HideSolutionNode = FALSE
	EndGlobalSection
	GlobalSection(NestedProjects) = preSolution
		{0FBA80CA-0A69-4C57-93AF-67B4915C8EF7} = {1B6E0487-7207-4102-9E46-14787F078E86}
		{620029A5-505D-4CCC-A90F-E7AD7DEB1F4E} = {1B6E0487-7207-4102-9E46-14787F078E86}
		{D655B8FA-AC61-4EF0-92DE-63D2A2E6D62C} = {1B6E0487-7207-4102-9E46-14787F078E86}
		{4AD964C6-6AC0-4BDC-BDDE-9FF6820D30AE} = {3AB30A61-B6F3-4649-A1B3-93D204916A45}
		{80BBDA19-1F4E-4FFC-A900-A69D020CA361} = {3AB30A61-B6F3-4649-A1B3-93D204916A45}
		{10B546E6-7B7E-4A11-95B5-FE5E417AF0F6} = {0FBA80CA-0A69-4C57-93AF-67B4915C8EF7}
		{0495F020-EFEF-4D9D-88ED-0E8A9DCB8B54} = {0FBA80CA-0A69-4C57-93AF-67B4915C8EF7}
		{739B0B13-14CF-477D-B809-7E4A45B6CBBF} = {0FBA80CA-0A69-4C57-93AF-67B4915C8EF7}
		{488A069D-3F83-4DA6-95D5-36E08FC6E37F} = {0FBA80CA-0A69-4C57-93AF-67B4915C8EF7}
	EndGlobalSection
	GlobalSection(ExtensibilityGlobals) = postSolution
		SolutionGuid = {65F2C17B-2D6F-4A29-A6BD-006ADAC74758}
	EndGlobalSection
EndGlobal
